
Microsoft Visual Studio Solution File, Format Version 12.00
# Visual Studio 15
VisualStudioVersion = 15.0.26430.13
MinimumVisualStudioVersion = 10.0.40219.1
Project("{FAE04EC0-301F-11D3-BF4B-00C04F79EFBC}") = "_Lab1.ReverseString", "_Lab1.ReverseString\_Lab1.ReverseString.csproj", "{956070EF-5C96-4691-BD15-A3FCE3487B82}"
EndProject
Project("{FAE04EC0-301F-11D3-BF4B-00C04F79EFBC}") = "_Lab2.SimleCalculator", "_Lab2.SimleCalculator\_Lab2.SimleCalculator.csproj", "{7DFF84B3-C4AE-4739-BC57-03742282EF76}"
EndProject
Project("{FAE04EC0-301F-11D3-BF4B-00C04F79EFBC}") = "_lab3.DecimalToBinary", "_lab3.DecimalToBinary\_lab3.DecimalToBinary.csproj", "{F9FF1FA8-6616-4098-9E20-C07AAD533266}"
EndProject
Project("{FAE04EC0-301F-11D3-BF4B-00C04F79EFBC}") = "_Lab4.MatchingBrackets", "_Lab4.MatchingBrackets\_Lab4.MatchingBrackets.csproj", "{D6AFB167-2140-4015-8C44-3E29C7642C96}"
EndProject
Project("{FAE04EC0-301F-11D3-BF4B-00C04F79EFBC}") = "_Lab5.HotPotatoe", "_Lab5.HotPotatoe\_Lab5.HotPotatoe.csproj", "{221CABEB-7017-45B8-B2EB-974B46701AE3}"
EndProject
Project("{FAE04EC0-301F-11D3-BF4B-00C04F79EFBC}") = "_Lab6.MathPotatoe", "_Lab6.MathPotatoe\_Lab6.MathPotatoe.csproj", "{AFA16AC2-148D-4D50-81F4-FD4B78141FA0}"
EndProject
Project("{FAE04EC0-301F-11D3-BF4B-00C04F79EFBC}") = "_Lab5.HotPotatoe2", "_Lab5.HotPotatoe2\_Lab5.HotPotatoe2.csproj", "{C3CC438A-5D76-4ACC-A055-0ECD22F228D1}"
EndProject
Project("{FAE04EC0-301F-11D3-BF4B-00C04F79EFBC}") = "1.ReverseNumberStack", "1.ReverseNumberStack\1.ReverseNumberStack.csproj", "{E0BACFB8-C5E1-4B40-A5A3-96D069F6C82A}"
EndProject
Project("{FAE04EC0-301F-11D3-BF4B-00C04F79EFBC}") = "2.BasicStackOperations", "2.BasicStackOperations\2.BasicStackOperations.csproj", "{8A655B1B-D888-4FD6-8F2E-54850260B3A6}"
EndProject
Project("{FAE04EC0-301F-11D3-BF4B-00C04F79EFBC}") = "3.MaximumElement", "3.MaximumElement\3.MaximumElement.csproj", "{09AB6EC9-C66F-4479-B097-4161C1BF2AD4}"
EndProject
Project("{FAE04EC0-301F-11D3-BF4B-00C04F79EFBC}") = "4.BasicQueueOperations", "4.BasicQueueOperations\4.BasicQueueOperations.csproj", "{FF27E5A0-B3C3-4BAF-B43D-2EE672D89CBD}"
EndProject
Project("{FAE04EC0-301F-11D3-BF4B-00C04F79EFBC}") = "5. SequenceWithQueue", "5. Sequence With Queue\5. SequenceWithQueue.csproj", "{02BBEE86-F41D-47D9-82CC-DFD4457F7D3C}"
EndProject
Project("{FAE04EC0-301F-11D3-BF4B-00C04F79EFBC}") = "6.TruckTour", "6.TruckTour\6.TruckTour.csproj", "{B696F0DE-5F8A-4C6E-9CF3-EB6CE57BDB37}"
EndProject
Project("{FAE04EC0-301F-11D3-BF4B-00C04F79EFBC}") = "3.MaximumElement_V2", "3.MaximumElement_V2\3.MaximumElement_V2.csproj", "{5B474C7B-BFEB-4A7A-B02C-4A6BD47FFFCC}"
EndProject
Project("{FAE04EC0-301F-11D3-BF4B-00C04F79EFBC}") = "7.Balanced Parentheses", "7.Balanced Parentheses\7.Balanced Parentheses.csproj", "{300E41C0-A3EF-4456-83C0-AF0F312F46C9}"
EndProject
Project("{FAE04EC0-301F-11D3-BF4B-00C04F79EFBC}") = "7.Balanced Parentheses_Dict", "7.Balanced Parentheses_Dict\7.Balanced Parentheses_Dict.csproj", "{F5908A0C-76C7-4FDB-9848-C32F818D457A}"
EndProject
Project("{FAE04EC0-301F-11D3-BF4B-00C04F79EFBC}") = "8.RecursiveFibonacci", "8. Recursive Fibonacci\8.RecursiveFibonacci.csproj", "{EA1E3C38-18DA-4574-B6AA-8BD1CEB6CFCB}"
EndProject
Project("{FAE04EC0-301F-11D3-BF4B-00C04F79EFBC}") = "9.StackFibonacci", "9.StackFibonacci\9.StackFibonacci.csproj", "{2361AAB4-4C07-4FD0-B6D0-37A5A6CB5439}"
EndProject
Project("{FAE04EC0-301F-11D3-BF4B-00C04F79EFBC}") = "z10.SimpleTextEditor_StrBldr", "10.SimpleTextEditor\z10.SimpleTextEditor_StrBldr.csproj", "{9E19774A-A0C3-4D66-B765-614E9EA811DE}"
EndProject
Project("{FAE04EC0-301F-11D3-BF4B-00C04F79EFBC}") = "z10.SimpleTextEditor_V2", "z10.SimpleTextEditor_V2\z10.SimpleTextEditor_V2.csproj", "{DCA32D72-23B7-4A78-84A1-2F0C60711468}"
EndProject
Project("{FAE04EC0-301F-11D3-BF4B-00C04F79EFBC}") = "z11.PoisonousPlants", "z11.PoisonousPlants\z11.PoisonousPlants.csproj", "{CB43A3B3-12A2-4DD1-BCE4-EF0248F5E353}"
EndProject
Global
	GlobalSection(SolutionConfigurationPlatforms) = preSolution
		Debug|Any CPU = Debug|Any CPU
		Release|Any CPU = Release|Any CPU
	EndGlobalSection
	GlobalSection(ProjectConfigurationPlatforms) = postSolution
		{956070EF-5C96-4691-BD15-A3FCE3487B82}.Debug|Any CPU.ActiveCfg = Debug|Any CPU
		{956070EF-5C96-4691-BD15-A3FCE3487B82}.Debug|Any CPU.Build.0 = Debug|Any CPU
		{956070EF-5C96-4691-BD15-A3FCE3487B82}.Release|Any CPU.ActiveCfg = Release|Any CPU
		{956070EF-5C96-4691-BD15-A3FCE3487B82}.Release|Any CPU.Build.0 = Release|Any CPU
		{7DFF84B3-C4AE-4739-BC57-03742282EF76}.Debug|Any CPU.ActiveCfg = Debug|Any CPU
		{7DFF84B3-C4AE-4739-BC57-03742282EF76}.Debug|Any CPU.Build.0 = Debug|Any CPU
		{7DFF84B3-C4AE-4739-BC57-03742282EF76}.Release|Any CPU.ActiveCfg = Release|Any CPU
		{7DFF84B3-C4AE-4739-BC57-03742282EF76}.Release|Any CPU.Build.0 = Release|Any CPU
		{F9FF1FA8-6616-4098-9E20-C07AAD533266}.Debug|Any CPU.ActiveCfg = Debug|Any CPU
		{F9FF1FA8-6616-4098-9E20-C07AAD533266}.Debug|Any CPU.Build.0 = Debug|Any CPU
		{F9FF1FA8-6616-4098-9E20-C07AAD533266}.Release|Any CPU.ActiveCfg = Release|Any CPU
		{F9FF1FA8-6616-4098-9E20-C07AAD533266}.Release|Any CPU.Build.0 = Release|Any CPU
		{D6AFB167-2140-4015-8C44-3E29C7642C96}.Debug|Any CPU.ActiveCfg = Debug|Any CPU
		{D6AFB167-2140-4015-8C44-3E29C7642C96}.Debug|Any CPU.Build.0 = Debug|Any CPU
		{D6AFB167-2140-4015-8C44-3E29C7642C96}.Release|Any CPU.ActiveCfg = Release|Any CPU
		{D6AFB167-2140-4015-8C44-3E29C7642C96}.Release|Any CPU.Build.0 = Release|Any CPU
		{221CABEB-7017-45B8-B2EB-974B46701AE3}.Debug|Any CPU.ActiveCfg = Debug|Any CPU
		{221CABEB-7017-45B8-B2EB-974B46701AE3}.Debug|Any CPU.Build.0 = Debug|Any CPU
		{221CABEB-7017-45B8-B2EB-974B46701AE3}.Release|Any CPU.ActiveCfg = Release|Any CPU
		{221CABEB-7017-45B8-B2EB-974B46701AE3}.Release|Any CPU.Build.0 = Release|Any CPU
		{AFA16AC2-148D-4D50-81F4-FD4B78141FA0}.Debug|Any CPU.ActiveCfg = Debug|Any CPU
		{AFA16AC2-148D-4D50-81F4-FD4B78141FA0}.Debug|Any CPU.Build.0 = Debug|Any CPU
		{AFA16AC2-148D-4D50-81F4-FD4B78141FA0}.Release|Any CPU.ActiveCfg = Release|Any CPU
		{AFA16AC2-148D-4D50-81F4-FD4B78141FA0}.Release|Any CPU.Build.0 = Release|Any CPU
		{C3CC438A-5D76-4ACC-A055-0ECD22F228D1}.Debug|Any CPU.ActiveCfg = Debug|Any CPU
		{C3CC438A-5D76-4ACC-A055-0ECD22F228D1}.Debug|Any CPU.Build.0 = Debug|Any CPU
		{C3CC438A-5D76-4ACC-A055-0ECD22F228D1}.Release|Any CPU.ActiveCfg = Release|Any CPU
		{C3CC438A-5D76-4ACC-A055-0ECD22F228D1}.Release|Any CPU.Build.0 = Release|Any CPU
		{E0BACFB8-C5E1-4B40-A5A3-96D069F6C82A}.Debug|Any CPU.ActiveCfg = Debug|Any CPU
		{E0BACFB8-C5E1-4B40-A5A3-96D069F6C82A}.Debug|Any CPU.Build.0 = Debug|Any CPU
		{E0BACFB8-C5E1-4B40-A5A3-96D069F6C82A}.Release|Any CPU.ActiveCfg = Release|Any CPU
		{E0BACFB8-C5E1-4B40-A5A3-96D069F6C82A}.Release|Any CPU.Build.0 = Release|Any CPU
		{8A655B1B-D888-4FD6-8F2E-54850260B3A6}.Debug|Any CPU.ActiveCfg = Debug|Any CPU
		{8A655B1B-D888-4FD6-8F2E-54850260B3A6}.Debug|Any CPU.Build.0 = Debug|Any CPU
		{8A655B1B-D888-4FD6-8F2E-54850260B3A6}.Release|Any CPU.ActiveCfg = Release|Any CPU
		{8A655B1B-D888-4FD6-8F2E-54850260B3A6}.Release|Any CPU.Build.0 = Release|Any CPU
		{09AB6EC9-C66F-4479-B097-4161C1BF2AD4}.Debug|Any CPU.ActiveCfg = Debug|Any CPU
		{09AB6EC9-C66F-4479-B097-4161C1BF2AD4}.Debug|Any CPU.Build.0 = Debug|Any CPU
		{09AB6EC9-C66F-4479-B097-4161C1BF2AD4}.Release|Any CPU.ActiveCfg = Release|Any CPU
		{09AB6EC9-C66F-4479-B097-4161C1BF2AD4}.Release|Any CPU.Build.0 = Release|Any CPU
		{FF27E5A0-B3C3-4BAF-B43D-2EE672D89CBD}.Debug|Any CPU.ActiveCfg = Debug|Any CPU
		{FF27E5A0-B3C3-4BAF-B43D-2EE672D89CBD}.Debug|Any CPU.Build.0 = Debug|Any CPU
		{FF27E5A0-B3C3-4BAF-B43D-2EE672D89CBD}.Release|Any CPU.ActiveCfg = Release|Any CPU
		{FF27E5A0-B3C3-4BAF-B43D-2EE672D89CBD}.Release|Any CPU.Build.0 = Release|Any CPU
		{02BBEE86-F41D-47D9-82CC-DFD4457F7D3C}.Debug|Any CPU.ActiveCfg = Debug|Any CPU
		{02BBEE86-F41D-47D9-82CC-DFD4457F7D3C}.Debug|Any CPU.Build.0 = Debug|Any CPU
		{02BBEE86-F41D-47D9-82CC-DFD4457F7D3C}.Release|Any CPU.ActiveCfg = Release|Any CPU
		{02BBEE86-F41D-47D9-82CC-DFD4457F7D3C}.Release|Any CPU.Build.0 = Release|Any CPU
		{B696F0DE-5F8A-4C6E-9CF3-EB6CE57BDB37}.Debug|Any CPU.ActiveCfg = Debug|Any CPU
		{B696F0DE-5F8A-4C6E-9CF3-EB6CE57BDB37}.Debug|Any CPU.Build.0 = Debug|Any CPU
		{B696F0DE-5F8A-4C6E-9CF3-EB6CE57BDB37}.Release|Any CPU.ActiveCfg = Release|Any CPU
		{B696F0DE-5F8A-4C6E-9CF3-EB6CE57BDB37}.Release|Any CPU.Build.0 = Release|Any CPU
		{5B474C7B-BFEB-4A7A-B02C-4A6BD47FFFCC}.Debug|Any CPU.ActiveCfg = Debug|Any CPU
		{5B474C7B-BFEB-4A7A-B02C-4A6BD47FFFCC}.Debug|Any CPU.Build.0 = Debug|Any CPU
		{5B474C7B-BFEB-4A7A-B02C-4A6BD47FFFCC}.Release|Any CPU.ActiveCfg = Release|Any CPU
		{5B474C7B-BFEB-4A7A-B02C-4A6BD47FFFCC}.Release|Any CPU.Build.0 = Release|Any CPU
		{300E41C0-A3EF-4456-83C0-AF0F312F46C9}.Debug|Any CPU.ActiveCfg = Debug|Any CPU
		{300E41C0-A3EF-4456-83C0-AF0F312F46C9}.Debug|Any CPU.Build.0 = Debug|Any CPU
		{300E41C0-A3EF-4456-83C0-AF0F312F46C9}.Release|Any CPU.ActiveCfg = Release|Any CPU
		{300E41C0-A3EF-4456-83C0-AF0F312F46C9}.Release|Any CPU.Build.0 = Release|Any CPU
		{F5908A0C-76C7-4FDB-9848-C32F818D457A}.Debug|Any CPU.ActiveCfg = Debug|Any CPU
		{F5908A0C-76C7-4FDB-9848-C32F818D457A}.Debug|Any CPU.Build.0 = Debug|Any CPU
		{F5908A0C-76C7-4FDB-9848-C32F818D457A}.Release|Any CPU.ActiveCfg = Release|Any CPU
		{F5908A0C-76C7-4FDB-9848-C32F818D457A}.Release|Any CPU.Build.0 = Release|Any CPU
		{EA1E3C38-18DA-4574-B6AA-8BD1CEB6CFCB}.Debug|Any CPU.ActiveCfg = Debug|Any CPU
		{EA1E3C38-18DA-4574-B6AA-8BD1CEB6CFCB}.Debug|Any CPU.Build.0 = Debug|Any CPU
		{EA1E3C38-18DA-4574-B6AA-8BD1CEB6CFCB}.Release|Any CPU.ActiveCfg = Release|Any CPU
		{EA1E3C38-18DA-4574-B6AA-8BD1CEB6CFCB}.Release|Any CPU.Build.0 = Release|Any CPU
		{2361AAB4-4C07-4FD0-B6D0-37A5A6CB5439}.Debug|Any CPU.ActiveCfg = Debug|Any CPU
		{2361AAB4-4C07-4FD0-B6D0-37A5A6CB5439}.Debug|Any CPU.Build.0 = Debug|Any CPU
		{2361AAB4-4C07-4FD0-B6D0-37A5A6CB5439}.Release|Any CPU.ActiveCfg = Release|Any CPU
		{2361AAB4-4C07-4FD0-B6D0-37A5A6CB5439}.Release|Any CPU.Build.0 = Release|Any CPU
		{9E19774A-A0C3-4D66-B765-614E9EA811DE}.Debug|Any CPU.ActiveCfg = Debug|Any CPU
		{9E19774A-A0C3-4D66-B765-614E9EA811DE}.Debug|Any CPU.Build.0 = Debug|Any CPU
		{9E19774A-A0C3-4D66-B765-614E9EA811DE}.Release|Any CPU.ActiveCfg = Release|Any CPU
		{9E19774A-A0C3-4D66-B765-614E9EA811DE}.Release|Any CPU.Build.0 = Release|Any CPU
		{DCA32D72-23B7-4A78-84A1-2F0C60711468}.Debug|Any CPU.ActiveCfg = Debug|Any CPU
		{DCA32D72-23B7-4A78-84A1-2F0C60711468}.Debug|Any CPU.Build.0 = Debug|Any CPU
		{DCA32D72-23B7-4A78-84A1-2F0C60711468}.Release|Any CPU.ActiveCfg = Release|Any CPU
		{DCA32D72-23B7-4A78-84A1-2F0C60711468}.Release|Any CPU.Build.0 = Release|Any CPU
		{CB43A3B3-12A2-4DD1-BCE4-EF0248F5E353}.Debug|Any CPU.ActiveCfg = Debug|Any CPU
		{CB43A3B3-12A2-4DD1-BCE4-EF0248F5E353}.Debug|Any CPU.Build.0 = Debug|Any CPU
		{CB43A3B3-12A2-4DD1-BCE4-EF0248F5E353}.Release|Any CPU.ActiveCfg = Release|Any CPU
		{CB43A3B3-12A2-4DD1-BCE4-EF0248F5E353}.Release|Any CPU.Build.0 = Release|Any CPU
	EndGlobalSection
	GlobalSection(SolutionProperties) = preSolution
		HideSolutionNode = FALSE
	EndGlobalSection
EndGlobal
